<?xml version="1.0" encoding="utf-8"?>
<Project ToolsVersion="4.0" xmlns="http://schemas.microsoft.com/developer/msbuild/2003">
  <ItemGroup>
    <FxCompile Include="ColliderPixelShader.hlsl" />
    <FxCompile Include="ColliderVertexShader.hlsl" />
    <FxCompile Include="ForwardModelPixelShader.hlsl" />
    <FxCompile Include="ForwardParticlePixelShader.hlsl" />
    <FxCompile Include="ForwardTerrainPixelShader.hlsl" />
    <FxCompile Include="IDPixelShader.hlsl" />
    <FxCompile Include="IDVertexShader.hlsl" />
    <FxCompile Include="LoadingPS.hlsl" />
    <FxCompile Include="ModelVertexShader.hlsl" />
    <FxCompile Include="ShadowVertexShader.hlsl" />
    <FxCompile Include="skyBoxPixelShader.hlsl" />
    <FxCompile Include="skyBoxVertexShader.hlsl" />
    <FxCompile Include="TerrainDomainShader.hlsl" />
    <FxCompile Include="TerrainGeometryShader.hlsl" />
    <FxCompile Include="TerrainHullShader.hlsl" />
    <FxCompile Include="TerrainVertexShader.hlsl" />
    <FxCompile Include="UnlitAnimatedModelVertexShader.hlsl" />
    <FxCompile Include="UnlitForwardModelPixelShader.hlsl" />
    <FxCompile Include="UnlitModelVertexShader.hlsl" />
    <FxCompile Include="LoadingVS.hlsl" />
    <FxCompile Include="VolumeIDVertexShader.hlsl" />
    <FxCompile Include="VolumePixelShader.hlsl" />
    <FxCompile Include="VolumeVertexShader.hlsl" />
    <FxCompile Include="WaterDomainShader.hlsl" />
    <FxCompile Include="WaterGeometryShader.hlsl" />
    <FxCompile Include="WaterHullShader.hlsl" />
    <FxCompile Include="WaterPixelShader.hlsl" />
    <FxCompile Include="WaterVertexShader.hlsl" />
    <FxCompile Include="PerformancePixelShader.hlsl" />
    <FxCompile Include="PerformanceVertexShader.hlsl" />
  </ItemGroup>
  <ItemGroup>
    <ClCompile Include="Button.cpp" />
    <ClCompile Include="Camera.cpp" />
    <ClCompile Include="ColliderRenderer.cpp" />
    <ClCompile Include="DockSpacePanel.cpp" />
    <ClCompile Include="DynamicPlane.cpp" />
    <ClCompile Include="GameLoader.cpp" />
    <ClCompile Include="Graphics.cpp" />
    <ClCompile Include="IDRenderer.cpp" />
    <ClCompile Include="Image.cpp" />
    <ClCompile Include="ImGui\include\ImGui\ImGuizmo.cpp" />
    <ClCompile Include="Item.cpp" />
    <ClCompile Include="LoadingScreen.cpp" />
    <ClCompile Include="Main.cpp" />
    <ClCompile Include="ModelRenderer.cpp" />
    <ClCompile Include="PlaneWithNormals.cpp" />
    <ClCompile Include="Scene.cpp" />
    <ClCompile Include="ShadowRenderer.cpp" />
    <ClCompile Include="SkyBoxRenderer.cpp" />
    <ClCompile Include="Terrain.cpp" />
    <ClCompile Include="TerrainRenderer.cpp" />
    <ClCompile Include="Text.cpp" />
    <ClCompile Include="Texture.cpp" />
    <ClCompile Include="UI.cpp" />
    <ClCompile Include="VolumeRenderer.cpp" />
    <ClCompile Include="WaterRenderer.cpp" />
    <ClCompile Include="Win.cpp" />
    <ClCompile Include="Window.cpp" />
    <ClCompile Include="LevelEditor.cpp">
      <Filter>UsefulShit</Filter>
    </ClCompile>
    <ClCompile Include="PlaneWithNormals.cpp" />
    <ClCompile Include="AnimationStateMachine.cpp" />
    <ClCompile Include="Slider.cpp" />
    <ClCompile Include="PerformanceRenderer.cpp" />
    <ClCompile Include="Canvas.cpp" />
  </ItemGroup>
  <ItemGroup>
    <ClInclude Include="BoundingVolumes.h" />
    <ClInclude Include="Button.h" />
    <ClInclude Include="DockSpacePanel.h" />
    <ClInclude Include="DynamicPlane.h" />
    <ClInclude Include="FBXLoader.h" />
    <ClInclude Include="File.h" />
    <ClInclude Include="GameLoader.h" />
    <ClInclude Include="IDRenderer.h" />
    <ClInclude Include="Image.h" />
    <ClInclude Include="ImGui\include\ImGui\ImGuizmo.h" />
    <ClInclude Include="Item.h" />
    <ClInclude Include="LoadingScreen.h" />
    <ClInclude Include="PlaneWithNormals.h" />
    <ClInclude Include="DebugApplication.h" />
    <ClInclude Include="AssimpDirectXMathConverter.h" />
    <ClInclude Include="Camera.h" />
    <ClInclude Include="ColliderRenderer.h" />
    <ClInclude Include="Collision.h" />
    <ClInclude Include="DebugMainMenu.h" />
    <ClInclude Include="DirectXHelp.h" />
    <ClInclude Include="Drawable.h" />
    <ClInclude Include="Editor.h" />
    <ClInclude Include="FileSystem.h" />
    <ClInclude Include="ApplicationState.h" />
    <ClInclude Include="ImGuiWin.h" />
    <ClInclude Include="Event.h" />
    <ClInclude Include="Graphics.h" />
    <ClInclude Include="ImGui.h" />
    <ClInclude Include="ImGuiWinComponents.h" />
    <ClInclude Include="MaterialLoader.h" />
    <ClInclude Include="Math.h" />
    <ClInclude Include="Light.h" />
    <ClInclude Include="Material.h" />
    <ClInclude Include="ModelRenderer.h" />
    <ClInclude Include="Print.h" />
    <ClInclude Include="Random.h" />
    <ClInclude Include="Renderer.h" />
    <ClInclude Include="Renderers.h" />
    <ClInclude Include="Scene.h" />
    <ClInclude Include="ShaderData.h" />
    <ClInclude Include="ShadowMap.h" />
    <ClInclude Include="ShadowRenderer.h" />
    <ClInclude Include="Singleton.h" />
    <ClInclude Include="SkyBoxRenderer.h" />
    <ClInclude Include="State.h" />
    <ClInclude Include="States.h" />
    <ClInclude Include="stb_image.h" />
    <ClInclude Include="Mesh.h" />
    <ClInclude Include="Model.h" />
    <ClInclude Include="Resources.h" />
    <ClInclude Include="stb_image_write.h" />
    <ClInclude Include="Terrain.h" />
    <ClInclude Include="TerrainRenderer.h" />
    <ClInclude Include="Text.h" />
    <ClInclude Include="Texture.h" />
    <ClInclude Include="ThreadPool.h" />
    <ClInclude Include="Time.h" />
    <ClInclude Include="Transform.h" />
    <ClInclude Include="UI.h" />
    <ClInclude Include="UIComponent.h" />
    <ClInclude Include="Vertex.h" />
    <ClInclude Include="ViewportPanel.h" />
    <ClInclude Include="VolumeRenderer.h" />
    <ClInclude Include="Water.h" />
    <ClInclude Include="WaterRenderer.h" />
    <ClInclude Include="Win.h" />
    <ClInclude Include="Window.h" />
    <ClInclude Include="LevelEditor.h">
      <Filter>UsefulShit</Filter>
    </ClInclude>
    <ClInclude Include="PlaneWithNormals.h" />
    <ClInclude Include="AnimationStateMachine.h" />
    <ClInclude Include="Slider.h" />
    <ClInclude Include="PerformanceRenderer.h" />
    <ClInclude Include="Canvas.h" />
  </ItemGroup>
  <ItemGroup>
    <None Include="LightCalculations.hlsli" />
  </ItemGroup>
  <ItemGroup>
    <Filter Include="UsefulShit">
      <UniqueIdentifier>{f7bd33fa-5bd8-4ad3-8072-9d70effa06ae}</UniqueIdentifier>
    </Filter>
  </ItemGroup>
</Project>